
Microsoft Visual Studio Solution File, Format Version 12.00
Project("{FAE04EC0-301F-11D3-BF4B-00C04F79EFBC}") = "Day1", "Day1\Day1.csproj", "{F90C0FB4-206A-4F06-B544-7FAEC5CC9CFF}"
EndProject
Project("{FAE04EC0-301F-11D3-BF4B-00C04F79EFBC}") = "Day2", "Day2\Day2.csproj", "{9C586AA6-5CF4-4B49-B3B2-FC3DFFC13E41}"
EndProject
Project("{FAE04EC0-301F-11D3-BF4B-00C04F79EFBC}") = "Day3", "Day3\Day3.csproj", "{FA528E97-CE90-403B-92EB-3F37DF77C017}"
EndProject
Project("{FAE04EC0-301F-11D3-BF4B-00C04F79EFBC}") = "Day4", "Day4\Day4.csproj", "{9CAB1D14-3E44-4713-8B17-A7F126A6B9CD}"
EndProject
Project("{FAE04EC0-301F-11D3-BF4B-00C04F79EFBC}") = "Day5", "Day5\Day5.csproj", "{10ACF54D-F1C7-482F-9BE6-05766E8C460A}"
EndProject
Project("{FAE04EC0-301F-11D3-BF4B-00C04F79EFBC}") = "Day6", "Day6\Day6.csproj", "{D419BA66-8DD5-4F26-B8D0-329D3AF26FD8}"
EndProject
Project("{FAE04EC0-301F-11D3-BF4B-00C04F79EFBC}") = "Day7", "Day7\Day7.csproj", "{AA07E9C1-A15B-42F0-93D2-AB6E4C7AF2DF}"
EndProject
Project("{FAE04EC0-301F-11D3-BF4B-00C04F79EFBC}") = "Day8", "Day8\Day8.csproj", "{E79A6600-E2FD-4C04-9A45-29A89FBF65D4}"
EndProject
Project("{FAE04EC0-301F-11D3-BF4B-00C04F79EFBC}") = "Day9", "Day9\Day9.csproj", "{383A1627-12E2-4CDE-BB39-BEE41406F8C4}"
EndProject
Project("{FAE04EC0-301F-11D3-BF4B-00C04F79EFBC}") = "Day10", "Day10\Day10.csproj", "{80C5B8FF-E0A8-4001-83E9-E50DF9EF8467}"
EndProject
Project("{FAE04EC0-301F-11D3-BF4B-00C04F79EFBC}") = "Day11", "Day11\Day11.csproj", "{B007CCC2-8298-4DD5-A85D-FA080D826CE1}"
EndProject
Project("{FAE04EC0-301F-11D3-BF4B-00C04F79EFBC}") = "Day12", "Day12\Day12.csproj", "{5095989D-3EAB-4733-BE7E-9D3979EB9D6B}"
EndProject
Project("{FAE04EC0-301F-11D3-BF4B-00C04F79EFBC}") = "Day13", "Day13\Day13.csproj", "{62B7CE97-8411-4FA1-BF42-04BDCC9E8DC9}"
EndProject
Project("{FAE04EC0-301F-11D3-BF4B-00C04F79EFBC}") = "Day14", "Day14\Day14.csproj", "{D0EAE98E-32EC-4D16-89E3-B3F0E9568388}"
EndProject
Project("{FAE04EC0-301F-11D3-BF4B-00C04F79EFBC}") = "Day15", "Day15\Day15.csproj", "{447ABA3C-CDDD-42E6-B779-2DC6745667C7}"
EndProject
Global
	GlobalSection(SolutionConfigurationPlatforms) = preSolution
		Debug|Any CPU = Debug|Any CPU
		Release|Any CPU = Release|Any CPU
	EndGlobalSection
	GlobalSection(ProjectConfigurationPlatforms) = postSolution
		{F90C0FB4-206A-4F06-B544-7FAEC5CC9CFF}.Debug|Any CPU.ActiveCfg = Debug|Any CPU
		{F90C0FB4-206A-4F06-B544-7FAEC5CC9CFF}.Debug|Any CPU.Build.0 = Debug|Any CPU
		{F90C0FB4-206A-4F06-B544-7FAEC5CC9CFF}.Release|Any CPU.ActiveCfg = Release|Any CPU
		{F90C0FB4-206A-4F06-B544-7FAEC5CC9CFF}.Release|Any CPU.Build.0 = Release|Any CPU
		{9C586AA6-5CF4-4B49-B3B2-FC3DFFC13E41}.Debug|Any CPU.ActiveCfg = Debug|Any CPU
		{9C586AA6-5CF4-4B49-B3B2-FC3DFFC13E41}.Debug|Any CPU.Build.0 = Debug|Any CPU
		{9C586AA6-5CF4-4B49-B3B2-FC3DFFC13E41}.Release|Any CPU.ActiveCfg = Release|Any CPU
		{9C586AA6-5CF4-4B49-B3B2-FC3DFFC13E41}.Release|Any CPU.Build.0 = Release|Any CPU
		{FA528E97-CE90-403B-92EB-3F37DF77C017}.Debug|Any CPU.ActiveCfg = Debug|Any CPU
		{FA528E97-CE90-403B-92EB-3F37DF77C017}.Debug|Any CPU.Build.0 = Debug|Any CPU
		{FA528E97-CE90-403B-92EB-3F37DF77C017}.Release|Any CPU.ActiveCfg = Release|Any CPU
		{FA528E97-CE90-403B-92EB-3F37DF77C017}.Release|Any CPU.Build.0 = Release|Any CPU
		{9CAB1D14-3E44-4713-8B17-A7F126A6B9CD}.Debug|Any CPU.ActiveCfg = Debug|Any CPU
		{9CAB1D14-3E44-4713-8B17-A7F126A6B9CD}.Debug|Any CPU.Build.0 = Debug|Any CPU
		{9CAB1D14-3E44-4713-8B17-A7F126A6B9CD}.Release|Any CPU.ActiveCfg = Release|Any CPU
		{9CAB1D14-3E44-4713-8B17-A7F126A6B9CD}.Release|Any CPU.Build.0 = Release|Any CPU
		{10ACF54D-F1C7-482F-9BE6-05766E8C460A}.Debug|Any CPU.ActiveCfg = Debug|Any CPU
		{10ACF54D-F1C7-482F-9BE6-05766E8C460A}.Debug|Any CPU.Build.0 = Debug|Any CPU
		{10ACF54D-F1C7-482F-9BE6-05766E8C460A}.Release|Any CPU.ActiveCfg = Release|Any CPU
		{10ACF54D-F1C7-482F-9BE6-05766E8C460A}.Release|Any CPU.Build.0 = Release|Any CPU
		{D419BA66-8DD5-4F26-B8D0-329D3AF26FD8}.Debug|Any CPU.ActiveCfg = Debug|Any CPU
		{D419BA66-8DD5-4F26-B8D0-329D3AF26FD8}.Debug|Any CPU.Build.0 = Debug|Any CPU
		{D419BA66-8DD5-4F26-B8D0-329D3AF26FD8}.Release|Any CPU.ActiveCfg = Release|Any CPU
		{D419BA66-8DD5-4F26-B8D0-329D3AF26FD8}.Release|Any CPU.Build.0 = Release|Any CPU
		{AA07E9C1-A15B-42F0-93D2-AB6E4C7AF2DF}.Debug|Any CPU.ActiveCfg = Debug|Any CPU
		{AA07E9C1-A15B-42F0-93D2-AB6E4C7AF2DF}.Debug|Any CPU.Build.0 = Debug|Any CPU
		{AA07E9C1-A15B-42F0-93D2-AB6E4C7AF2DF}.Release|Any CPU.ActiveCfg = Release|Any CPU
		{AA07E9C1-A15B-42F0-93D2-AB6E4C7AF2DF}.Release|Any CPU.Build.0 = Release|Any CPU
		{E79A6600-E2FD-4C04-9A45-29A89FBF65D4}.Debug|Any CPU.ActiveCfg = Debug|Any CPU
		{E79A6600-E2FD-4C04-9A45-29A89FBF65D4}.Debug|Any CPU.Build.0 = Debug|Any CPU
		{E79A6600-E2FD-4C04-9A45-29A89FBF65D4}.Release|Any CPU.ActiveCfg = Release|Any CPU
		{E79A6600-E2FD-4C04-9A45-29A89FBF65D4}.Release|Any CPU.Build.0 = Release|Any CPU
		{383A1627-12E2-4CDE-BB39-BEE41406F8C4}.Debug|Any CPU.ActiveCfg = Debug|Any CPU
		{383A1627-12E2-4CDE-BB39-BEE41406F8C4}.Debug|Any CPU.Build.0 = Debug|Any CPU
		{383A1627-12E2-4CDE-BB39-BEE41406F8C4}.Release|Any CPU.ActiveCfg = Release|Any CPU
		{383A1627-12E2-4CDE-BB39-BEE41406F8C4}.Release|Any CPU.Build.0 = Release|Any CPU
		{80C5B8FF-E0A8-4001-83E9-E50DF9EF8467}.Debug|Any CPU.ActiveCfg = Debug|Any CPU
		{80C5B8FF-E0A8-4001-83E9-E50DF9EF8467}.Debug|Any CPU.Build.0 = Debug|Any CPU
		{80C5B8FF-E0A8-4001-83E9-E50DF9EF8467}.Release|Any CPU.ActiveCfg = Release|Any CPU
		{80C5B8FF-E0A8-4001-83E9-E50DF9EF8467}.Release|Any CPU.Build.0 = Release|Any CPU
		{B007CCC2-8298-4DD5-A85D-FA080D826CE1}.Debug|Any CPU.ActiveCfg = Debug|Any CPU
		{B007CCC2-8298-4DD5-A85D-FA080D826CE1}.Debug|Any CPU.Build.0 = Debug|Any CPU
		{B007CCC2-8298-4DD5-A85D-FA080D826CE1}.Release|Any CPU.ActiveCfg = Release|Any CPU
		{B007CCC2-8298-4DD5-A85D-FA080D826CE1}.Release|Any CPU.Build.0 = Release|Any CPU
		{5095989D-3EAB-4733-BE7E-9D3979EB9D6B}.Debug|Any CPU.ActiveCfg = Debug|Any CPU
		{5095989D-3EAB-4733-BE7E-9D3979EB9D6B}.Debug|Any CPU.Build.0 = Debug|Any CPU
		{5095989D-3EAB-4733-BE7E-9D3979EB9D6B}.Release|Any CPU.ActiveCfg = Release|Any CPU
		{5095989D-3EAB-4733-BE7E-9D3979EB9D6B}.Release|Any CPU.Build.0 = Release|Any CPU
		{62B7CE97-8411-4FA1-BF42-04BDCC9E8DC9}.Debug|Any CPU.ActiveCfg = Debug|Any CPU
		{62B7CE97-8411-4FA1-BF42-04BDCC9E8DC9}.Debug|Any CPU.Build.0 = Debug|Any CPU
		{62B7CE97-8411-4FA1-BF42-04BDCC9E8DC9}.Release|Any CPU.ActiveCfg = Release|Any CPU
		{62B7CE97-8411-4FA1-BF42-04BDCC9E8DC9}.Release|Any CPU.Build.0 = Release|Any CPU
		{D0EAE98E-32EC-4D16-89E3-B3F0E9568388}.Debug|Any CPU.ActiveCfg = Debug|Any CPU
		{D0EAE98E-32EC-4D16-89E3-B3F0E9568388}.Debug|Any CPU.Build.0 = Debug|Any CPU
		{D0EAE98E-32EC-4D16-89E3-B3F0E9568388}.Release|Any CPU.ActiveCfg = Release|Any CPU
		{D0EAE98E-32EC-4D16-89E3-B3F0E9568388}.Release|Any CPU.Build.0 = Release|Any CPU
		{447ABA3C-CDDD-42E6-B779-2DC6745667C7}.Debug|Any CPU.ActiveCfg = Debug|Any CPU
		{447ABA3C-CDDD-42E6-B779-2DC6745667C7}.Debug|Any CPU.Build.0 = Debug|Any CPU
		{447ABA3C-CDDD-42E6-B779-2DC6745667C7}.Release|Any CPU.ActiveCfg = Release|Any CPU
		{447ABA3C-CDDD-42E6-B779-2DC6745667C7}.Release|Any CPU.Build.0 = Release|Any CPU
	EndGlobalSection
EndGlobal
